- name: Deploy and Run Block Embargoed Countries Script
  hosts: all
  become: true
  tasks:
    - name: Get current root crontab
      command: crontab -l -u root
      register: current_crontab
      failed_when: false  # Handles cases where root's crontab might be empty

    - name: Remove lines containing 'embargoed'
      copy:
        dest: /tmp/cleaned_crontab
        content: |
          {% for line in current_crontab.stdout_lines %}
          {% if 'embargoed' not in line %}
          {{ line }}
          {% endif %}
          {% endfor %}

    - name: Install cleaned crontab for root
      command: crontab -u root /tmp/cleaned_crontab

    - name: Remove temporary crontab file
      file:
        path: /tmp/cleaned_crontab
        state: absent
    - name: Copy the script to the remote host
      copy:
        src: block-embargoed-iptables.sh
        dest: /usr/local/sbin/block-embargoed-iptables.sh
        mode: '0755'

    - name: Make the script executable
      file:
        path: /usr/local/sbin/block-embargoed-iptables.sh
        mode: '0755'
        state: file

    - name: Run the script
      command: /usr/local/sbin/block-embargoed-iptables.sh
